// !$*UTF8*$!
{
	archiveVersion = 1;
	classes = {
	};
	objectVersion = 46;
	objects = {

/* Begin PBXBuildFile section */
		DD50C8CE15D30BB7006CA033 /* Washington, DC.gpx in Resources */ = {isa = PBXBuildFile; fileRef = DD50C8CD15D30BB7006CA033 /* Washington, DC.gpx */; };
		DD8CD17C158C27F200067C1B /* UIKit.framework in Frameworks */ = {isa = PBXBuildFile; fileRef = DD8CD17B158C27F200067C1B /* UIKit.framework */; };
		DD8CD17E158C27F200067C1B /* Foundation.framework in Frameworks */ = {isa = PBXBuildFile; fileRef = DD8CD17D158C27F200067C1B /* Foundation.framework */; };
		DD8CD180158C27F200067C1B /* CoreGraphics.framework in Frameworks */ = {isa = PBXBuildFile; fileRef = DD8CD17F158C27F200067C1B /* CoreGraphics.framework */; };
		DD8CD186158C27F300067C1B /* InfoPlist.strings in Resources */ = {isa = PBXBuildFile; fileRef = DD8CD184158C27F300067C1B /* InfoPlist.strings */; };
		DD8CD188158C27F300067C1B /* main.m in Sources */ = {isa = PBXBuildFile; fileRef = DD8CD187158C27F300067C1B /* main.m */; };
		DD8CD18C158C27F300067C1B /* MBWPAppDelegate.m in Sources */ = {isa = PBXBuildFile; fileRef = DD8CD18B158C27F300067C1B /* MBWPAppDelegate.m */; };
		DD8CD18F158C27F300067C1B /* MBWPViewController.m in Sources */ = {isa = PBXBuildFile; fileRef = DD8CD18E158C27F300067C1B /* MBWPViewController.m */; };
		DD8CD192158C27F300067C1B /* MBWPViewController.xib in Resources */ = {isa = PBXBuildFile; fileRef = DD8CD190158C27F300067C1B /* MBWPViewController.xib */; };
		DD8CD1B0158C297C00067C1B /* CoreLocation.framework in Frameworks */ = {isa = PBXBuildFile; fileRef = DD8CD1AF158C297C00067C1B /* CoreLocation.framework */; };
		DD8CD1B2158C298200067C1B /* QuartzCore.framework in Frameworks */ = {isa = PBXBuildFile; fileRef = DD8CD1B1158C298200067C1B /* QuartzCore.framework */; };
		DD8CD1B4158C298700067C1B /* libsqlite3.dylib in Frameworks */ = {isa = PBXBuildFile; fileRef = DD8CD1B3158C298700067C1B /* libsqlite3.dylib */; };
		DD8CD1B6158C298B00067C1B /* libz.dylib in Frameworks */ = {isa = PBXBuildFile; fileRef = DD8CD1B5158C298B00067C1B /* libz.dylib */; };
		DD8CD1B9158C2A7500067C1B /* MBWPSearchViewController.m in Sources */ = {isa = PBXBuildFile; fileRef = DD8CD1B8158C2A7500067C1B /* MBWPSearchViewController.m */; };
		DD8D9582158C4ABB00C4C4C3 /* MBWPDetailViewController.m in Sources */ = {isa = PBXBuildFile; fileRef = DD8D9581158C4ABB00C4C4C3 /* MBWPDetailViewController.m */; };
		DD930BF315ACFCC90066071A /* icon@2x.png in Resources */ = {isa = PBXBuildFile; fileRef = DD930BF215ACFCC90066071A /* icon@2x.png */; };
		DD9530A7158F933A00E9FD42 /* UIColor+MBWPExtensions.m in Sources */ = {isa = PBXBuildFile; fileRef = DD9530A6158F933A00E9FD42 /* UIColor+MBWPExtensions.m */; };
		DD9BFE4F1601419B0011F174 /* Default-568h@2x.png in Resources */ = {isa = PBXBuildFile; fileRef = DD9BFE4E1601419B0011F174 /* Default-568h@2x.png */; };
		DDA38812158FAF6600AC339E /* icon.png in Resources */ = {isa = PBXBuildFile; fileRef = DDA38811158FAF6600AC339E /* icon.png */; };
		DDA878F019AE9C24006AFD7A /* libMapbox.a in Frameworks */ = {isa = PBXBuildFile; fileRef = DDA878EE19AE9C24006AFD7A /* libMapbox.a */; };
		DDA878F119AE9C24006AFD7A /* Mapbox.bundle in Resources */ = {isa = PBXBuildFile; fileRef = DDA878EF19AE9C24006AFD7A /* Mapbox.bundle */; };
/* End PBXBuildFile section */

/* Begin PBXFileReference section */
		DD50C8CD15D30BB7006CA033 /* Washington, DC.gpx */ = {isa = PBXFileReference; fileEncoding = 4; lastKnownFileType = text.xml; path = "Washington, DC.gpx"; sourceTree = SOURCE_ROOT; };
		DD8CD177158C27F200067C1B /* Picks.app */ = {isa = PBXFileReference; explicitFileType = wrapper.application; includeInIndex = 0; path = Picks.app; sourceTree = BUILT_PRODUCTS_DIR; };
		DD8CD17B158C27F200067C1B /* UIKit.framework */ = {isa = PBXFileReference; lastKnownFileType = wrapper.framework; name = UIKit.framework; path = System/Library/Frameworks/UIKit.framework; sourceTree = SDKROOT; };
		DD8CD17D158C27F200067C1B /* Foundation.framework */ = {isa = PBXFileReference; lastKnownFileType = wrapper.framework; name = Foundation.framework; path = System/Library/Frameworks/Foundation.framework; sourceTree = SDKROOT; };
		DD8CD17F158C27F200067C1B /* CoreGraphics.framework */ = {isa = PBXFileReference; lastKnownFileType = wrapper.framework; name = CoreGraphics.framework; path = System/Library/Frameworks/CoreGraphics.framework; sourceTree = SDKROOT; };
		DD8CD183158C27F300067C1B /* Weekend Picks-Info.plist */ = {isa = PBXFileReference; lastKnownFileType = text.plist.xml; path = "Weekend Picks-Info.plist"; sourceTree = "<group>"; };
		DD8CD185158C27F300067C1B /* en */ = {isa = PBXFileReference; lastKnownFileType = text.plist.strings; name = en; path = en.lproj/InfoPlist.strings; sourceTree = "<group>"; };
		DD8CD187158C27F300067C1B /* main.m */ = {isa = PBXFileReference; lastKnownFileType = sourcecode.c.objc; path = main.m; sourceTree = "<group>"; };
		DD8CD189158C27F300067C1B /* Weekend Picks-Prefix.pch */ = {isa = PBXFileReference; lastKnownFileType = sourcecode.c.h; path = "Weekend Picks-Prefix.pch"; sourceTree = "<group>"; };
		DD8CD18A158C27F300067C1B /* MBWPAppDelegate.h */ = {isa = PBXFileReference; lastKnownFileType = sourcecode.c.h; path = MBWPAppDelegate.h; sourceTree = "<group>"; };
		DD8CD18B158C27F300067C1B /* MBWPAppDelegate.m */ = {isa = PBXFileReference; lastKnownFileType = sourcecode.c.objc; path = MBWPAppDelegate.m; sourceTree = "<group>"; };
		DD8CD18D158C27F300067C1B /* MBWPViewController.h */ = {isa = PBXFileReference; lastKnownFileType = sourcecode.c.h; path = MBWPViewController.h; sourceTree = "<group>"; };
		DD8CD18E158C27F300067C1B /* MBWPViewController.m */ = {isa = PBXFileReference; lastKnownFileType = sourcecode.c.objc; path = MBWPViewController.m; sourceTree = "<group>"; };
		DD8CD191158C27F300067C1B /* en */ = {isa = PBXFileReference; lastKnownFileType = file.xib; name = en; path = en.lproj/MBWPViewController.xib; sourceTree = "<group>"; };
		DD8CD1AF158C297C00067C1B /* CoreLocation.framework */ = {isa = PBXFileReference; lastKnownFileType = wrapper.framework; name = CoreLocation.framework; path = System/Library/Frameworks/CoreLocation.framework; sourceTree = SDKROOT; };
		DD8CD1B1158C298200067C1B /* QuartzCore.framework */ = {isa = PBXFileReference; lastKnownFileType = wrapper.framework; name = QuartzCore.framework; path = System/Library/Frameworks/QuartzCore.framework; sourceTree = SDKROOT; };
		DD8CD1B3158C298700067C1B /* libsqlite3.dylib */ = {isa = PBXFileReference; lastKnownFileType = "compiled.mach-o.dylib"; name = libsqlite3.dylib; path = usr/lib/libsqlite3.dylib; sourceTree = SDKROOT; };
		DD8CD1B5158C298B00067C1B /* libz.dylib */ = {isa = PBXFileReference; lastKnownFileType = "compiled.mach-o.dylib"; name = libz.dylib; path = usr/lib/libz.dylib; sourceTree = SDKROOT; };
		DD8CD1B7158C2A7500067C1B /* MBWPSearchViewController.h */ = {isa = PBXFileReference; fileEncoding = 4; lastKnownFileType = sourcecode.c.h; path = MBWPSearchViewController.h; sourceTree = "<group>"; };
		DD8CD1B8158C2A7500067C1B /* MBWPSearchViewController.m */ = {isa = PBXFileReference; fileEncoding = 4; lastKnownFileType = sourcecode.c.objc; path = MBWPSearchViewController.m; sourceTree = "<group>"; };
		DD8D9580158C4ABB00C4C4C3 /* MBWPDetailViewController.h */ = {isa = PBXFileReference; fileEncoding = 4; lastKnownFileType = sourcecode.c.h; path = MBWPDetailViewController.h; sourceTree = "<group>"; };
		DD8D9581158C4ABB00C4C4C3 /* MBWPDetailViewController.m */ = {isa = PBXFileReference; fileEncoding = 4; lastKnownFileType = sourcecode.c.objc; path = MBWPDetailViewController.m; sourceTree = "<group>"; };
		DD930BF215ACFCC90066071A /* icon@2x.png */ = {isa = PBXFileReference; lastKnownFileType = image.png; path = "icon@2x.png"; sourceTree = SOURCE_ROOT; };
		DD9530A5158F933A00E9FD42 /* UIColor+MBWPExtensions.h */ = {isa = PBXFileReference; fileEncoding = 4; lastKnownFileType = sourcecode.c.h; path = "UIColor+MBWPExtensions.h"; sourceTree = "<group>"; };
		DD9530A6158F933A00E9FD42 /* UIColor+MBWPExtensions.m */ = {isa = PBXFileReference; fileEncoding = 4; lastKnownFileType = sourcecode.c.objc; path = "UIColor+MBWPExtensions.m"; sourceTree = "<group>"; };
		DD9BFE4E1601419B0011F174 /* Default-568h@2x.png */ = {isa = PBXFileReference; lastKnownFileType = image.png; path = "Default-568h@2x.png"; sourceTree = SOURCE_ROOT; };
		DDA38811158FAF6600AC339E /* icon.png */ = {isa = PBXFileReference; lastKnownFileType = image.png; path = icon.png; sourceTree = SOURCE_ROOT; };
		DDA878B619AE9C24006AFD7A /* Mapbox.h */ = {isa = PBXFileReference; fileEncoding = 4; lastKnownFileType = sourcecode.c.h; path = Mapbox.h; sourceTree = "<group>"; };
		DDA878B719AE9C24006AFD7A /* RMAbstractMercatorTileSource.h */ = {isa = PBXFileReference; fileEncoding = 4; lastKnownFileType = sourcecode.c.h; path = RMAbstractMercatorTileSource.h; sourceTree = "<group>"; };
		DDA878B819AE9C24006AFD7A /* RMAbstractWebMapSource.h */ = {isa = PBXFileReference; fileEncoding = 4; lastKnownFileType = sourcecode.c.h; path = RMAbstractWebMapSource.h; sourceTree = "<group>"; };
		DDA878B919AE9C24006AFD7A /* RMAnnotation.h */ = {isa = PBXFileReference; fileEncoding = 4; lastKnownFileType = sourcecode.c.h; path = RMAnnotation.h; sourceTree = "<group>"; };
		DDA878BA19AE9C24006AFD7A /* RMAttributionViewController.h */ = {isa = PBXFileReference; fileEncoding = 4; lastKnownFileType = sourcecode.c.h; path = RMAttributionViewController.h; sourceTree = "<group>"; };
		DDA878BB19AE9C24006AFD7A /* RMBingSource.h */ = {isa = PBXFileReference; fileEncoding = 4; lastKnownFileType = sourcecode.c.h; path = RMBingSource.h; sourceTree = "<group>"; };
		DDA878BC19AE9C24006AFD7A /* RMCacheObject.h */ = {isa = PBXFileReference; fileEncoding = 4; lastKnownFileType = sourcecode.c.h; path = RMCacheObject.h; sourceTree = "<group>"; };
		DDA878BD19AE9C24006AFD7A /* RMCircle.h */ = {isa = PBXFileReference; fileEncoding = 4; lastKnownFileType = sourcecode.c.h; path = RMCircle.h; sourceTree = "<group>"; };
		DDA878BE19AE9C24006AFD7A /* RMCircleAnnotation.h */ = {isa = PBXFileReference; fileEncoding = 4; lastKnownFileType = sourcecode.c.h; path = RMCircleAnnotation.h; sourceTree = "<group>"; };
		DDA878BF19AE9C24006AFD7A /* RMCompositeSource.h */ = {isa = PBXFileReference; fileEncoding = 4; lastKnownFileType = sourcecode.c.h; path = RMCompositeSource.h; sourceTree = "<group>"; };
		DDA878C019AE9C24006AFD7A /* RMConfiguration.h */ = {isa = PBXFileReference; fileEncoding = 4; lastKnownFileType = sourcecode.c.h; path = RMConfiguration.h; sourceTree = "<group>"; };
		DDA878C119AE9C24006AFD7A /* RMCoordinateGridSource.h */ = {isa = PBXFileReference; fileEncoding = 4; lastKnownFileType = sourcecode.c.h; path = RMCoordinateGridSource.h; sourceTree = "<group>"; };
		DDA878C219AE9C24006AFD7A /* RMDatabaseCache.h */ = {isa = PBXFileReference; fileEncoding = 4; lastKnownFileType = sourcecode.c.h; path = RMDatabaseCache.h; sourceTree = "<group>"; };
		DDA878C319AE9C24006AFD7A /* RMDBMapSource.h */ = {isa = PBXFileReference; fileEncoding = 4; lastKnownFileType = sourcecode.c.h; path = RMDBMapSource.h; sourceTree = "<group>"; };
		DDA878C419AE9C24006AFD7A /* RMFoundation.h */ = {isa = PBXFileReference; fileEncoding = 4; lastKnownFileType = sourcecode.c.h; path = RMFoundation.h; sourceTree = "<group>"; };
		DDA878C519AE9C24006AFD7A /* RMFractalTileProjection.h */ = {isa = PBXFileReference; fileEncoding = 4; lastKnownFileType = sourcecode.c.h; path = RMFractalTileProjection.h; sourceTree = "<group>"; };
		DDA878C619AE9C24006AFD7A /* RMGenericMapSource.h */ = {isa = PBXFileReference; fileEncoding = 4; lastKnownFileType = sourcecode.c.h; path = RMGenericMapSource.h; sourceTree = "<group>"; };
		DDA878C719AE9C24006AFD7A /* RMGlobalConstants.h */ = {isa = PBXFileReference; fileEncoding = 4; lastKnownFileType = sourcecode.c.h; path = RMGlobalConstants.h; sourceTree = "<group>"; };
		DDA878C819AE9C24006AFD7A /* RMGreatCircleAnnotation.h */ = {isa = PBXFileReference; fileEncoding = 4; lastKnownFileType = sourcecode.c.h; path = RMGreatCircleAnnotation.h; sourceTree = "<group>"; };
		DDA878C919AE9C24006AFD7A /* RMInteractiveSource.h */ = {isa = PBXFileReference; fileEncoding = 4; lastKnownFileType = sourcecode.c.h; path = RMInteractiveSource.h; sourceTree = "<group>"; };
		DDA878CA19AE9C24006AFD7A /* RMLoadingTileView.h */ = {isa = PBXFileReference; fileEncoding = 4; lastKnownFileType = sourcecode.c.h; path = RMLoadingTileView.h; sourceTree = "<group>"; };
		DDA878CB19AE9C24006AFD7A /* RMMapboxSource.h */ = {isa = PBXFileReference; fileEncoding = 4; lastKnownFileType = sourcecode.c.h; path = RMMapboxSource.h; sourceTree = "<group>"; };
		DDA878CC19AE9C24006AFD7A /* RMMapLayer.h */ = {isa = PBXFileReference; fileEncoding = 4; lastKnownFileType = sourcecode.c.h; path = RMMapLayer.h; sourceTree = "<group>"; };
		DDA878CD19AE9C24006AFD7A /* RMMapOverlayView.h */ = {isa = PBXFileReference; fileEncoding = 4; lastKnownFileType = sourcecode.c.h; path = RMMapOverlayView.h; sourceTree = "<group>"; };
		DDA878CE19AE9C24006AFD7A /* RMMapQuestOpenAerialSource.h */ = {isa = PBXFileReference; fileEncoding = 4; lastKnownFileType = sourcecode.c.h; path = RMMapQuestOpenAerialSource.h; sourceTree = "<group>"; };
		DDA878CF19AE9C24006AFD7A /* RMMapQuestOSMSource.h */ = {isa = PBXFileReference; fileEncoding = 4; lastKnownFileType = sourcecode.c.h; path = RMMapQuestOSMSource.h; sourceTree = "<group>"; };
		DDA878D019AE9C24006AFD7A /* RMMapScrollView.h */ = {isa = PBXFileReference; fileEncoding = 4; lastKnownFileType = sourcecode.c.h; path = RMMapScrollView.h; sourceTree = "<group>"; };
		DDA878D119AE9C24006AFD7A /* RMMapTiledLayerView.h */ = {isa = PBXFileReference; fileEncoding = 4; lastKnownFileType = sourcecode.c.h; path = RMMapTiledLayerView.h; sourceTree = "<group>"; };
		DDA878D219AE9C24006AFD7A /* RMMapView.h */ = {isa = PBXFileReference; fileEncoding = 4; lastKnownFileType = sourcecode.c.h; path = RMMapView.h; sourceTree = "<group>"; };
		DDA878D319AE9C24006AFD7A /* RMMapViewDelegate.h */ = {isa = PBXFileReference; fileEncoding = 4; lastKnownFileType = sourcecode.c.h; path = RMMapViewDelegate.h; sourceTree = "<group>"; };
		DDA878D419AE9C24006AFD7A /* RMMarker.h */ = {isa = PBXFileReference; fileEncoding = 4; lastKnownFileType = sourcecode.c.h; path = RMMarker.h; sourceTree = "<group>"; };
		DDA878D519AE9C24006AFD7A /* RMMBTilesSource.h */ = {isa = PBXFileReference; fileEncoding = 4; lastKnownFileType = sourcecode.c.h; path = RMMBTilesSource.h; sourceTree = "<group>"; };
		DDA878D619AE9C24006AFD7A /* RMMemoryCache.h */ = {isa = PBXFileReference; fileEncoding = 4; lastKnownFileType = sourcecode.c.h; path = RMMemoryCache.h; sourceTree = "<group>"; };
		DDA878D719AE9C24006AFD7A /* RMNotifications.h */ = {isa = PBXFileReference; fileEncoding = 4; lastKnownFileType = sourcecode.c.h; path = RMNotifications.h; sourceTree = "<group>"; };
		DDA878D819AE9C24006AFD7A /* RMOpenCycleMapSource.h */ = {isa = PBXFileReference; fileEncoding = 4; lastKnownFileType = sourcecode.c.h; path = RMOpenCycleMapSource.h; sourceTree = "<group>"; };
		DDA878D919AE9C24006AFD7A /* RMOpenSeaMapLayer.h */ = {isa = PBXFileReference; fileEncoding = 4; lastKnownFileType = sourcecode.c.h; path = RMOpenSeaMapLayer.h; sourceTree = "<group>"; };
		DDA878DA19AE9C24006AFD7A /* RMOpenSeaMapSource.h */ = {isa = PBXFileReference; fileEncoding = 4; lastKnownFileType = sourcecode.c.h; path = RMOpenSeaMapSource.h; sourceTree = "<group>"; };
		DDA878DB19AE9C24006AFD7A /* RMOpenStreetMapSource.h */ = {isa = PBXFileReference; fileEncoding = 4; lastKnownFileType = sourcecode.c.h; path = RMOpenStreetMapSource.h; sourceTree = "<group>"; };
		DDA878DC19AE9C24006AFD7A /* RMPixel.h */ = {isa = PBXFileReference; fileEncoding = 4; lastKnownFileType = sourcecode.c.h; path = RMPixel.h; sourceTree = "<group>"; };
		DDA878DD19AE9C24006AFD7A /* RMPointAnnotation.h */ = {isa = PBXFileReference; fileEncoding = 4; lastKnownFileType = sourcecode.c.h; path = RMPointAnnotation.h; sourceTree = "<group>"; };
		DDA878DE19AE9C24006AFD7A /* RMPolygonAnnotation.h */ = {isa = PBXFileReference; fileEncoding = 4; lastKnownFileType = sourcecode.c.h; path = RMPolygonAnnotation.h; sourceTree = "<group>"; };
		DDA878DF19AE9C24006AFD7A /* RMPolylineAnnotation.h */ = {isa = PBXFileReference; fileEncoding = 4; lastKnownFileType = sourcecode.c.h; path = RMPolylineAnnotation.h; sourceTree = "<group>"; };
		DDA878E019AE9C24006AFD7A /* RMProjection.h */ = {isa = PBXFileReference; fileEncoding = 4; lastKnownFileType = sourcecode.c.h; path = RMProjection.h; sourceTree = "<group>"; };
		DDA878E119AE9C24006AFD7A /* RMQuadTree.h */ = {isa = PBXFileReference; fileEncoding = 4; lastKnownFileType = sourcecode.c.h; path = RMQuadTree.h; sourceTree = "<group>"; };
		DDA878E219AE9C24006AFD7A /* RMShape.h */ = {isa = PBXFileReference; fileEncoding = 4; lastKnownFileType = sourcecode.c.h; path = RMShape.h; sourceTree = "<group>"; };
		DDA878E319AE9C24006AFD7A /* RMShapeAnnotation.h */ = {isa = PBXFileReference; fileEncoding = 4; lastKnownFileType = sourcecode.c.h; path = RMShapeAnnotation.h; sourceTree = "<group>"; };
		DDA878E419AE9C24006AFD7A /* RMStaticMapView.h */ = {isa = PBXFileReference; fileEncoding = 4; lastKnownFileType = sourcecode.c.h; path = RMStaticMapView.h; sourceTree = "<group>"; };
		DDA878E519AE9C24006AFD7A /* RMTile.h */ = {isa = PBXFileReference; fileEncoding = 4; lastKnownFileType = sourcecode.c.h; path = RMTile.h; sourceTree = "<group>"; };
		DDA878E619AE9C24006AFD7A /* RMTileCache.h */ = {isa = PBXFileReference; fileEncoding = 4; lastKnownFileType = sourcecode.c.h; path = RMTileCache.h; sourceTree = "<group>"; };
		DDA878E719AE9C24006AFD7A /* RMTileCacheDownloadOperation.h */ = {isa = PBXFileReference; fileEncoding = 4; lastKnownFileType = sourcecode.c.h; path = RMTileCacheDownloadOperation.h; sourceTree = "<group>"; };
		DDA878E819AE9C24006AFD7A /* RMTileImage.h */ = {isa = PBXFileReference; fileEncoding = 4; lastKnownFileType = sourcecode.c.h; path = RMTileImage.h; sourceTree = "<group>"; };
		DDA878E919AE9C24006AFD7A /* RMTileMillSource.h */ = {isa = PBXFileReference; fileEncoding = 4; lastKnownFileType = sourcecode.c.h; path = RMTileMillSource.h; sourceTree = "<group>"; };
		DDA878EA19AE9C24006AFD7A /* RMTileSource.h */ = {isa = PBXFileReference; fileEncoding = 4; lastKnownFileType = sourcecode.c.h; path = RMTileSource.h; sourceTree = "<group>"; };
		DDA878EB19AE9C24006AFD7A /* RMTileSourcesContainer.h */ = {isa = PBXFileReference; fileEncoding = 4; lastKnownFileType = sourcecode.c.h; path = RMTileSourcesContainer.h; sourceTree = "<group>"; };
		DDA878EC19AE9C24006AFD7A /* RMUserLocation.h */ = {isa = PBXFileReference; fileEncoding = 4; lastKnownFileType = sourcecode.c.h; path = RMUserLocation.h; sourceTree = "<group>"; };
		DDA878ED19AE9C24006AFD7A /* RMUserTrackingBarButtonItem.h */ = {isa = PBXFileReference; fileEncoding = 4; lastKnownFileType = sourcecode.c.h; path = RMUserTrackingBarButtonItem.h; sourceTree = "<group>"; };
		DDA878EE19AE9C24006AFD7A /* libMapbox.a */ = {isa = PBXFileReference; lastKnownFileType = archive.ar; name = libMapbox.a; path = Mapbox/libMapbox.a; sourceTree = SOURCE_ROOT; };
		DDA878EF19AE9C24006AFD7A /* Mapbox.bundle */ = {isa = PBXFileReference; lastKnownFileType = "wrapper.plug-in"; name = Mapbox.bundle; path = Mapbox/Mapbox.bundle; sourceTree = SOURCE_ROOT; };
/* End PBXFileReference section */

/* Begin PBXFrameworksBuildPhase section */
		DD8CD174158C27F200067C1B /* Frameworks */ = {
			isa = PBXFrameworksBuildPhase;
			buildActionMask = 2147483647;
			files = (
				DD8CD180158C27F200067C1B /* CoreGraphics.framework in Frameworks */,
				DD8CD1B0158C297C00067C1B /* CoreLocation.framework in Frameworks */,
				DD8CD17E158C27F200067C1B /* Foundation.framework in Frameworks */,
				DD8CD1B2158C298200067C1B /* QuartzCore.framework in Frameworks */,
				DD8CD17C158C27F200067C1B /* UIKit.framework in Frameworks */,
				DDA878F019AE9C24006AFD7A /* libMapbox.a in Frameworks */,
				DD8CD1B4158C298700067C1B /* libsqlite3.dylib in Frameworks */,
				DD8CD1B6158C298B00067C1B /* libz.dylib in Frameworks */,
			);
			runOnlyForDeploymentPostprocessing = 0;
		};
/* End PBXFrameworksBuildPhase section */

/* Begin PBXGroup section */
		DD8CD16C158C27F200067C1B = {
			isa = PBXGroup;
			children = (
				DD8CD181158C27F200067C1B /* Weekend Picks */,
				DD9530A8158F965D00E9FD42 /* Categories */,
				DD8CD1BA158C2A9E00067C1B /* Resources */,
				DDA878B419AE9C1A006AFD7A /* Mapbox */,
				DD8CD17A158C27F200067C1B /* Frameworks */,
				DD8CD178158C27F200067C1B /* Products */,
			);
			sourceTree = "<group>";
		};
		DD8CD178158C27F200067C1B /* Products */ = {
			isa = PBXGroup;
			children = (
				DD8CD177158C27F200067C1B /* Picks.app */,
			);
			name = Products;
			sourceTree = "<group>";
		};
		DD8CD17A158C27F200067C1B /* Frameworks */ = {
			isa = PBXGroup;
			children = (
				DD8CD17F158C27F200067C1B /* CoreGraphics.framework */,
				DD8CD1AF158C297C00067C1B /* CoreLocation.framework */,
				DD8CD17D158C27F200067C1B /* Foundation.framework */,
				DD8CD1B1158C298200067C1B /* QuartzCore.framework */,
				DD8CD17B158C27F200067C1B /* UIKit.framework */,
				DD8CD1B3158C298700067C1B /* libsqlite3.dylib */,
				DD8CD1B5158C298B00067C1B /* libz.dylib */,
			);
			name = Frameworks;
			sourceTree = "<group>";
		};
		DD8CD181158C27F200067C1B /* Weekend Picks */ = {
			isa = PBXGroup;
			children = (
				DD8CD18A158C27F300067C1B /* MBWPAppDelegate.h */,
				DD8CD18B158C27F300067C1B /* MBWPAppDelegate.m */,
				DD8CD18D158C27F300067C1B /* MBWPViewController.h */,
				DD8CD18E158C27F300067C1B /* MBWPViewController.m */,
				DD8CD190158C27F300067C1B /* MBWPViewController.xib */,
				DD8CD1B7158C2A7500067C1B /* MBWPSearchViewController.h */,
				DD8CD1B8158C2A7500067C1B /* MBWPSearchViewController.m */,
				DD8D9580158C4ABB00C4C4C3 /* MBWPDetailViewController.h */,
				DD8D9581158C4ABB00C4C4C3 /* MBWPDetailViewController.m */,
				DD8CD182158C27F300067C1B /* Supporting Files */,
			);
			path = "Weekend Picks";
			sourceTree = "<group>";
		};
		DD8CD182158C27F300067C1B /* Supporting Files */ = {
			isa = PBXGroup;
			children = (
				DD8CD183158C27F300067C1B /* Weekend Picks-Info.plist */,
				DD8CD184158C27F300067C1B /* InfoPlist.strings */,
				DD8CD187158C27F300067C1B /* main.m */,
				DD8CD189158C27F300067C1B /* Weekend Picks-Prefix.pch */,
				DD50C8CD15D30BB7006CA033 /* Washington, DC.gpx */,
			);
			name = "Supporting Files";
			sourceTree = "<group>";
		};
		DD8CD1BA158C2A9E00067C1B /* Resources */ = {
			isa = PBXGroup;
			children = (
				DDA38811158FAF6600AC339E /* icon.png */,
				DD930BF215ACFCC90066071A /* icon@2x.png */,
				DD9BFE4E1601419B0011F174 /* Default-568h@2x.png */,
			);
			name = Resources;
			path = "Weekend Picks";
			sourceTree = "<group>";
		};
		DD9530A8158F965D00E9FD42 /* Categories */ = {
			isa = PBXGroup;
			children = (
				DD9530A5158F933A00E9FD42 /* UIColor+MBWPExtensions.h */,
				DD9530A6158F933A00E9FD42 /* UIColor+MBWPExtensions.m */,
			);
			name = Categories;
			path = "Weekend Picks";
			sourceTree = "<group>";
		};
		DDA878B419AE9C1A006AFD7A /* Mapbox */ = {
			isa = PBXGroup;
			children = (
				DDA878B519AE9C24006AFD7A /* Headers */,
				DDA878EE19AE9C24006AFD7A /* libMapbox.a */,
				DDA878EF19AE9C24006AFD7A /* Mapbox.bundle */,
			);
			name = Mapbox;
			path = "Weekend Picks";
			sourceTree = "<group>";
		};
		DDA878B519AE9C24006AFD7A /* Headers */ = {
			isa = PBXGroup;
			children = (
				DDA878B619AE9C24006AFD7A /* Mapbox.h */,
				DDA878B719AE9C24006AFD7A /* RMAbstractMercatorTileSource.h */,
				DDA878B819AE9C24006AFD7A /* RMAbstractWebMapSource.h */,
				DDA878B919AE9C24006AFD7A /* RMAnnotation.h */,
				DDA878BA19AE9C24006AFD7A /* RMAttributionViewController.h */,
				DDA878BB19AE9C24006AFD7A /* RMBingSource.h */,
				DDA878BC19AE9C24006AFD7A /* RMCacheObject.h */,
				DDA878BD19AE9C24006AFD7A /* RMCircle.h */,
				DDA878BE19AE9C24006AFD7A /* RMCircleAnnotation.h */,
				DDA878BF19AE9C24006AFD7A /* RMCompositeSource.h */,
				DDA878C019AE9C24006AFD7A /* RMConfiguration.h */,
				DDA878C119AE9C24006AFD7A /* RMCoordinateGridSource.h */,
				DDA878C219AE9C24006AFD7A /* RMDatabaseCache.h */,
				DDA878C319AE9C24006AFD7A /* RMDBMapSource.h */,
				DDA878C419AE9C24006AFD7A /* RMFoundation.h */,
				DDA878C519AE9C24006AFD7A /* RMFractalTileProjection.h */,
				DDA878C619AE9C24006AFD7A /* RMGenericMapSource.h */,
				DDA878C719AE9C24006AFD7A /* RMGlobalConstants.h */,
				DDA878C819AE9C24006AFD7A /* RMGreatCircleAnnotation.h */,
				DDA878C919AE9C24006AFD7A /* RMInteractiveSource.h */,
				DDA878CA19AE9C24006AFD7A /* RMLoadingTileView.h */,
				DDA878CB19AE9C24006AFD7A /* RMMapboxSource.h */,
				DDA878CC19AE9C24006AFD7A /* RMMapLayer.h */,
				DDA878CD19AE9C24006AFD7A /* RMMapOverlayView.h */,
				DDA878CE19AE9C24006AFD7A /* RMMapQuestOpenAerialSource.h */,
				DDA878CF19AE9C24006AFD7A /* RMMapQuestOSMSource.h */,
				DDA878D019AE9C24006AFD7A /* RMMapScrollView.h */,
				DDA878D119AE9C24006AFD7A /* RMMapTiledLayerView.h */,
				DDA878D219AE9C24006AFD7A /* RMMapView.h */,
				DDA878D319AE9C24006AFD7A /* RMMapViewDelegate.h */,
				DDA878D419AE9C24006AFD7A /* RMMarker.h */,
				DDA878D519AE9C24006AFD7A /* RMMBTilesSource.h */,
				DDA878D619AE9C24006AFD7A /* RMMemoryCache.h */,
				DDA878D719AE9C24006AFD7A /* RMNotifications.h */,
				DDA878D819AE9C24006AFD7A /* RMOpenCycleMapSource.h */,
				DDA878D919AE9C24006AFD7A /* RMOpenSeaMapLayer.h */,
				DDA878DA19AE9C24006AFD7A /* RMOpenSeaMapSource.h */,
				DDA878DB19AE9C24006AFD7A /* RMOpenStreetMapSource.h */,
				DDA878DC19AE9C24006AFD7A /* RMPixel.h */,
				DDA878DD19AE9C24006AFD7A /* RMPointAnnotation.h */,
				DDA878DE19AE9C24006AFD7A /* RMPolygonAnnotation.h */,
				DDA878DF19AE9C24006AFD7A /* RMPolylineAnnotation.h */,
				DDA878E019AE9C24006AFD7A /* RMProjection.h */,
				DDA878E119AE9C24006AFD7A /* RMQuadTree.h */,
				DDA878E219AE9C24006AFD7A /* RMShape.h */,
				DDA878E319AE9C24006AFD7A /* RMShapeAnnotation.h */,
				DDA878E419AE9C24006AFD7A /* RMStaticMapView.h */,
				DDA878E519AE9C24006AFD7A /* RMTile.h */,
				DDA878E619AE9C24006AFD7A /* RMTileCache.h */,
				DDA878E719AE9C24006AFD7A /* RMTileCacheDownloadOperation.h */,
				DDA878E819AE9C24006AFD7A /* RMTileImage.h */,
				DDA878E919AE9C24006AFD7A /* RMTileMillSource.h */,
				DDA878EA19AE9C24006AFD7A /* RMTileSource.h */,
				DDA878EB19AE9C24006AFD7A /* RMTileSourcesContainer.h */,
				DDA878EC19AE9C24006AFD7A /* RMUserLocation.h */,
				DDA878ED19AE9C24006AFD7A /* RMUserTrackingBarButtonItem.h */,
			);
			name = Headers;
			path = Mapbox/Headers;
			sourceTree = SOURCE_ROOT;
		};
/* End PBXGroup section */

/* Begin PBXNativeTarget section */
		DD8CD176158C27F200067C1B /* Weekend Picks */ = {
			isa = PBXNativeTarget;
			buildConfigurationList = DD8CD195158C27F300067C1B /* Build configuration list for PBXNativeTarget "Weekend Picks" */;
			buildPhases = (
				DD8CD173158C27F200067C1B /* Sources */,
				DD8CD174158C27F200067C1B /* Frameworks */,
				DD8CD175158C27F200067C1B /* Resources */,
			);
			buildRules = (
			);
			dependencies = (
			);
			name = "Weekend Picks";
			productName = "Weekend Picks";
			productReference = DD8CD177158C27F200067C1B /* Picks.app */;
			productType = "com.apple.product-type.application";
		};
/* End PBXNativeTarget section */

/* Begin PBXProject section */
		DD8CD16E158C27F200067C1B /* Project object */ = {
			isa = PBXProject;
			attributes = {
				CLASSPREFIX = MBWP;
				LastUpgradeCheck = 0510;
				ORGANIZATIONNAME = "Mapbox, Inc.";
			};
			buildConfigurationList = DD8CD171158C27F200067C1B /* Build configuration list for PBXProject "Weekend Picks" */;
			compatibilityVersion = "Xcode 3.2";
			developmentRegion = English;
			hasScannedForEncodings = 0;
			knownRegions = (
				en,
			);
			mainGroup = DD8CD16C158C27F200067C1B;
			productRefGroup = DD8CD178158C27F200067C1B /* Products */;
			projectDirPath = "";
			projectRoot = "";
			targets = (
				DD8CD176158C27F200067C1B /* Weekend Picks */,
			);
		};
/* End PBXProject section */

/* Begin PBXResourcesBuildPhase section */
		DD8CD175158C27F200067C1B /* Resources */ = {
			isa = PBXResourcesBuildPhase;
			buildActionMask = 2147483647;
			files = (
				DD8CD186158C27F300067C1B /* InfoPlist.strings in Resources */,
				DD8CD192158C27F300067C1B /* MBWPViewController.xib in Resources */,
				DDA38812158FAF6600AC339E /* icon.png in Resources */,
				DDA878F119AE9C24006AFD7A /* Mapbox.bundle in Resources */,
				DD930BF315ACFCC90066071A /* icon@2x.png in Resources */,
				DD50C8CE15D30BB7006CA033 /* Washington, DC.gpx in Resources */,
				DD9BFE4F1601419B0011F174 /* Default-568h@2x.png in Resources */,
			);
			runOnlyForDeploymentPostprocessing = 0;
		};
/* End PBXResourcesBuildPhase section */

/* Begin PBXSourcesBuildPhase section */
		DD8CD173158C27F200067C1B /* Sources */ = {
			isa = PBXSourcesBuildPhase;
			buildActionMask = 2147483647;
			files = (
				DD8CD188158C27F300067C1B /* main.m in Sources */,
				DD8CD18C158C27F300067C1B /* MBWPAppDelegate.m in Sources */,
				DD8CD18F158C27F300067C1B /* MBWPViewController.m in Sources */,
				DD8CD1B9158C2A7500067C1B /* MBWPSearchViewController.m in Sources */,
				DD8D9582158C4ABB00C4C4C3 /* MBWPDetailViewController.m in Sources */,
				DD9530A7158F933A00E9FD42 /* UIColor+MBWPExtensions.m in Sources */,
			);
			runOnlyForDeploymentPostprocessing = 0;
		};
/* End PBXSourcesBuildPhase section */

/* Begin PBXVariantGroup section */
		DD8CD184158C27F300067C1B /* InfoPlist.strings */ = {
			isa = PBXVariantGroup;
			children = (
				DD8CD185158C27F300067C1B /* en */,
			);
			name = InfoPlist.strings;
			sourceTree = "<group>";
		};
		DD8CD190158C27F300067C1B /* MBWPViewController.xib */ = {
			isa = PBXVariantGroup;
			children = (
				DD8CD191158C27F300067C1B /* en */,
			);
			name = MBWPViewController.xib;
			sourceTree = "<group>";
		};
/* End PBXVariantGroup section */

/* Begin XCBuildConfiguration section */
		DD8CD193158C27F300067C1B /* Debug */ = {
			isa = XCBuildConfiguration;
			buildSettings = {
				ALWAYS_SEARCH_USER_PATHS = NO;
				CLANG_ENABLE_OBJC_ARC = YES;
				CLANG_WARN_BOOL_CONVERSION = YES;
				CLANG_WARN_CONSTANT_CONVERSION = YES;
				CLANG_WARN_EMPTY_BODY = YES;
				CLANG_WARN_ENUM_CONVERSION = YES;
				CLANG_WARN_INT_CONVERSION = YES;
				CLANG_WARN__DUPLICATE_METHOD_MATCH = YES;
				"CODE_SIGN_IDENTITY[sdk=iphoneos*]" = "iPhone Developer";
				COPY_PHASE_STRIP = NO;
				GCC_C_LANGUAGE_STANDARD = gnu99;
				GCC_DYNAMIC_NO_PIC = NO;
				GCC_OPTIMIZATION_LEVEL = 0;
				GCC_PREPROCESSOR_DEFINITIONS = (
					"DEBUG=1",
					"$(inherited)",
				);
				GCC_SYMBOLS_PRIVATE_EXTERN = NO;
				GCC_VERSION = com.apple.compilers.llvm.clang.1_0;
				GCC_WARN_64_TO_32_BIT_CONVERSION = YES;
				GCC_WARN_ABOUT_RETURN_TYPE = YES;
				GCC_WARN_UNDECLARED_SELECTOR = YES;
				GCC_WARN_UNINITIALIZED_AUTOS = YES;
				GCC_WARN_UNUSED_FUNCTION = YES;
				GCC_WARN_UNUSED_VARIABLE = YES;
				IPHONEOS_DEPLOYMENT_TARGET = 5.0;
				ONLY_ACTIVE_ARCH = YES;
				SDKROOT = iphoneos;
			};
			name = Debug;
		};
		DD8CD194158C27F300067C1B /* Release */ = {
			isa = XCBuildConfiguration;
			buildSettings = {
				ALWAYS_SEARCH_USER_PATHS = NO;
				CLANG_ENABLE_OBJC_ARC = YES;
				CLANG_WARN_BOOL_CONVERSION = YES;
				CLANG_WARN_CONSTANT_CONVERSION = YES;
				CLANG_WARN_EMPTY_BODY = YES;
				CLANG_WARN_ENUM_CONVERSION = YES;
				CLANG_WARN_INT_CONVERSION = YES;
				CLANG_WARN__DUPLICATE_METHOD_MATCH = YES;
				"CODE_SIGN_IDENTITY[sdk=iphoneos*]" = "iPhone Distribution";
				COPY_PHASE_STRIP = YES;
				GCC_C_LANGUAGE_STANDARD = gnu99;
				GCC_VERSION = com.apple.compilers.llvm.clang.1_0;
				GCC_WARN_64_TO_32_BIT_CONVERSION = YES;
				GCC_WARN_ABOUT_RETURN_TYPE = YES;
				GCC_WARN_UNDECLARED_SELECTOR = YES;
				GCC_WARN_UNINITIALIZED_AUTOS = YES;
				GCC_WARN_UNUSED_FUNCTION = YES;
				GCC_WARN_UNUSED_VARIABLE = YES;
				IPHONEOS_DEPLOYMENT_TARGET = 5.0;
				OTHER_CFLAGS = "-DNS_BLOCK_ASSERTIONS=1";
				"PROVISIONING_PROFILE[sdk=iphoneos*]" = "";
				SDKROOT = iphoneos;
				VALIDATE_PRODUCT = YES;
			};
			name = Release;
		};
		DD8CD196158C27F300067C1B /* Debug */ = {
			isa = XCBuildConfiguration;
			buildSettings = {
				FRAMEWORK_SEARCH_PATHS = (
					"$(inherited)",
					"$(PROJECT_DIR)",
				);
				GCC_PRECOMPILE_PREFIX_HEADER = YES;
				GCC_PREFIX_HEADER = "Weekend Picks/Weekend Picks-Prefix.pch";
				HEADER_SEARCH_PATHS = (
					"$(inherited)",
					/Applications/Xcode.app/Contents/Developer/Toolchains/XcodeDefault.xctoolchain/usr/include,
					"\"$(SRCROOT)/Mapbox.framework/Headers\"",
				);
				INFOPLIST_FILE = "Weekend Picks/Weekend Picks-Info.plist";
				LIBRARY_SEARCH_PATHS = (
					"$(inherited)",
					"$(PROJECT_DIR)/Mapbox",
				);
				OTHER_LDFLAGS = "-ObjC";
				PRODUCT_NAME = Picks;
				TARGETED_DEVICE_FAMILY = "1,2";
				WRAPPER_EXTENSION = app;
			};
			name = Debug;
		};
		DD8CD197158C27F300067C1B /* Release */ = {
			isa = XCBuildConfiguration;
			buildSettings = {
				FRAMEWORK_SEARCH_PATHS = (
					"$(inherited)",
					"$(PROJECT_DIR)",
				);
				GCC_PRECOMPILE_PREFIX_HEADER = YES;
				GCC_PREFIX_HEADER = "Weekend Picks/Weekend Picks-Prefix.pch";
				HEADER_SEARCH_PATHS = (
					"$(inherited)",
					/Applications/Xcode.app/Contents/Developer/Toolchains/XcodeDefault.xctoolchain/usr/include,
					"\"$(SRCROOT)/Mapbox.framework/Headers\"",
				);
				INFOPLIST_FILE = "Weekend Picks/Weekend Picks-Info.plist";
				LIBRARY_SEARCH_PATHS = (
					"$(inherited)",
					"$(PROJECT_DIR)/Mapbox",
				);
				OTHER_LDFLAGS = "-ObjC";
				PRODUCT_NAME = Picks;
				TARGETED_DEVICE_FAMILY = "1,2";
				WRAPPER_EXTENSION = app;
			};
			name = Release;
		};
		DDD7C5EA159001E90061B9F4 /* Ad Hoc */ = {
			isa = XCBuildConfiguration;
			buildSettings = {
				ALWAYS_SEARCH_USER_PATHS = NO;
				CLANG_ENABLE_OBJC_ARC = YES;
				CLANG_WARN_BOOL_CONVERSION = YES;
				CLANG_WARN_CONSTANT_CONVERSION = YES;
				CLANG_WARN_EMPTY_BODY = YES;
				CLANG_WARN_ENUM_CONVERSION = YES;
				CLANG_WARN_INT_CONVERSION = YES;
				CLANG_WARN__DUPLICATE_METHOD_MATCH = YES;
				"CODE_SIGN_IDENTITY[sdk=iphoneos*]" = "iPhone Distribution";
				COPY_PHASE_STRIP = YES;
				GCC_C_LANGUAGE_STANDARD = gnu99;
				GCC_VERSION = com.apple.compilers.llvm.clang.1_0;
				GCC_WARN_64_TO_32_BIT_CONVERSION = YES;
				GCC_WARN_ABOUT_RETURN_TYPE = YES;
				GCC_WARN_UNDECLARED_SELECTOR = YES;
				GCC_WARN_UNINITIALIZED_AUTOS = YES;
				GCC_WARN_UNUSED_FUNCTION = YES;
				GCC_WARN_UNUSED_VARIABLE = YES;
				IPHONEOS_DEPLOYMENT_TARGET = 5.0;
				OTHER_CFLAGS = "-DNS_BLOCK_ASSERTIONS=1";
				"PROVISIONING_PROFILE[sdk=iphoneos*]" = "";
				SDKROOT = iphoneos;
				VALIDATE_PRODUCT = YES;
			};
			name = "Ad Hoc";
		};
		DDD7C5EB159001E90061B9F4 /* Ad Hoc */ = {
			isa = XCBuildConfiguration;
			buildSettings = {
				FRAMEWORK_SEARCH_PATHS = (
					"$(inherited)",
					"$(PROJECT_DIR)",
				);
				GCC_PRECOMPILE_PREFIX_HEADER = YES;
				GCC_PREFIX_HEADER = "Weekend Picks/Weekend Picks-Prefix.pch";
				HEADER_SEARCH_PATHS = (
					"$(inherited)",
					/Applications/Xcode.app/Contents/Developer/Toolchains/XcodeDefault.xctoolchain/usr/include,
					"\"$(SRCROOT)/Mapbox.framework/Headers\"",
				);
				INFOPLIST_FILE = "Weekend Picks/Weekend Picks-Info.plist";
				LIBRARY_SEARCH_PATHS = (
					"$(inherited)",
					"$(PROJECT_DIR)/Mapbox",
				);
				OTHER_LDFLAGS = "-ObjC";
				PRODUCT_NAME = Picks;
				TARGETED_DEVICE_FAMILY = "1,2";
				WRAPPER_EXTENSION = app;
			};
			name = "Ad Hoc";
		};
/* End XCBuildConfiguration section */

/* Begin XCConfigurationList section */
		DD8CD171158C27F200067C1B /* Build configuration list for PBXProject "Weekend Picks" */ = {
			isa = XCConfigurationList;
			buildConfigurations = (
				DD8CD193158C27F300067C1B /* Debug */,
				DD8CD194158C27F300067C1B /* Release */,
				DDD7C5EA159001E90061B9F4 /* Ad Hoc */,
			);
			defaultConfigurationIsVisible = 0;
			defaultConfigurationName = Release;
		};
		DD8CD195158C27F300067C1B /* Build configuration list for PBXNativeTarget "Weekend Picks" */ = {
			isa = XCConfigurationList;
			buildConfigurations = (
				DD8CD196158C27F300067C1B /* Debug */,
				DD8CD197158C27F300067C1B /* Release */,
				DDD7C5EB159001E90061B9F4 /* Ad Hoc */,
			);
			defaultConfigurationIsVisible = 0;
			defaultConfigurationName = Release;
		};
/* End XCConfigurationList section */
	};
	rootObject = DD8CD16E158C27F200067C1B /* Project object */;
}
